
Microsoft Visual Studio Solution File, Format Version 12.00
Project("{2150E333-8FDC-42A3-9474-1A3956D46DE8}") = "Server", "Server", "{6C85B94A-620A-4CBA-BE45-36BEE1951907}"
EndProject
Project("{FAE04EC0-301F-11D3-BF4B-00C04F79EFBC}") = "Domain", "Domain\Domain.csproj", "{552ECFA6-C37C-40FD-BF20-77A99C372781}"
EndProject
Project("{FAE04EC0-301F-11D3-BF4B-00C04F79EFBC}") = "RepositoryContracts", "RepositoryContracts\RepositoryContracts.csproj", "{6D0C8555-7644-4FEC-8F72-966120E938E2}"
EndProject
Project("{FAE04EC0-301F-11D3-BF4B-00C04F79EFBC}") = "InMemoryRepositories", "InMemoryRepositories\InMemoryRepositories.csproj", "{463F4C3E-6A1A-47C3-A60F-58F7887DD3A6}"
EndProject
Project("{FAE04EC0-301F-11D3-BF4B-00C04F79EFBC}") = "CLI", "CLI\CLI.csproj", "{B2B7AD97-0AF9-4258-8E7C-10821C65CBCF}"
EndProject
Project("{FAE04EC0-301F-11D3-BF4B-00C04F79EFBC}") = "FileRepositories", "FileRepositories\FileRepositories.csproj", "{B41FC748-910B-4DE0-A0B8-AD92A0B701C4}"
EndProject
Project("{2150E333-8FDC-42A3-9474-1A3956D46DE8}") = "Shared", "Shared", "{83F84303-18AD-4124-AA13-01779744892C}"
EndProject
Project("{FAE04EC0-301F-11D3-BF4B-00C04F79EFBC}") = "DTO", "Shared\DTO\DTO.csproj", "{859691C1-C753-4F04-8D3E-A9C2E08767B4}"
EndProject
Project("{FAE04EC0-301F-11D3-BF4B-00C04F79EFBC}") = "WebAPI", "WebAPI\WebAPI.csproj", "{155B2F2A-EFD6-45DB-B67D-25892C57A774}"
EndProject
Project("{FAE04EC0-301F-11D3-BF4B-00C04F79EFBC}") = "SharedLib", "Shared\SharedLib\SharedLib.csproj", "{9B51357A-6B3B-43BF-8BD1-73B5F06459BA}"
EndProject
Global
	GlobalSection(SolutionConfigurationPlatforms) = preSolution
		Debug|Any CPU = Debug|Any CPU
		Release|Any CPU = Release|Any CPU
	EndGlobalSection
	GlobalSection(NestedProjects) = preSolution
		{552ECFA6-C37C-40FD-BF20-77A99C372781} = {6C85B94A-620A-4CBA-BE45-36BEE1951907}
		{6D0C8555-7644-4FEC-8F72-966120E938E2} = {6C85B94A-620A-4CBA-BE45-36BEE1951907}
		{463F4C3E-6A1A-47C3-A60F-58F7887DD3A6} = {6C85B94A-620A-4CBA-BE45-36BEE1951907}
		{B2B7AD97-0AF9-4258-8E7C-10821C65CBCF} = {6C85B94A-620A-4CBA-BE45-36BEE1951907}
		{B41FC748-910B-4DE0-A0B8-AD92A0B701C4} = {6C85B94A-620A-4CBA-BE45-36BEE1951907}
		{859691C1-C753-4F04-8D3E-A9C2E08767B4} = {83F84303-18AD-4124-AA13-01779744892C}
		{155B2F2A-EFD6-45DB-B67D-25892C57A774} = {6C85B94A-620A-4CBA-BE45-36BEE1951907}
		{9B51357A-6B3B-43BF-8BD1-73B5F06459BA} = {83F84303-18AD-4124-AA13-01779744892C}
	EndGlobalSection
	GlobalSection(ProjectConfigurationPlatforms) = postSolution
		{552ECFA6-C37C-40FD-BF20-77A99C372781}.Debug|Any CPU.ActiveCfg = Debug|Any CPU
		{552ECFA6-C37C-40FD-BF20-77A99C372781}.Debug|Any CPU.Build.0 = Debug|Any CPU
		{552ECFA6-C37C-40FD-BF20-77A99C372781}.Release|Any CPU.ActiveCfg = Release|Any CPU
		{552ECFA6-C37C-40FD-BF20-77A99C372781}.Release|Any CPU.Build.0 = Release|Any CPU
		{6D0C8555-7644-4FEC-8F72-966120E938E2}.Debug|Any CPU.ActiveCfg = Debug|Any CPU
		{6D0C8555-7644-4FEC-8F72-966120E938E2}.Debug|Any CPU.Build.0 = Debug|Any CPU
		{6D0C8555-7644-4FEC-8F72-966120E938E2}.Release|Any CPU.ActiveCfg = Release|Any CPU
		{6D0C8555-7644-4FEC-8F72-966120E938E2}.Release|Any CPU.Build.0 = Release|Any CPU
		{463F4C3E-6A1A-47C3-A60F-58F7887DD3A6}.Debug|Any CPU.ActiveCfg = Debug|Any CPU
		{463F4C3E-6A1A-47C3-A60F-58F7887DD3A6}.Debug|Any CPU.Build.0 = Debug|Any CPU
		{463F4C3E-6A1A-47C3-A60F-58F7887DD3A6}.Release|Any CPU.ActiveCfg = Release|Any CPU
		{463F4C3E-6A1A-47C3-A60F-58F7887DD3A6}.Release|Any CPU.Build.0 = Release|Any CPU
		{B2B7AD97-0AF9-4258-8E7C-10821C65CBCF}.Debug|Any CPU.ActiveCfg = Debug|Any CPU
		{B2B7AD97-0AF9-4258-8E7C-10821C65CBCF}.Debug|Any CPU.Build.0 = Debug|Any CPU
		{B2B7AD97-0AF9-4258-8E7C-10821C65CBCF}.Release|Any CPU.ActiveCfg = Release|Any CPU
		{B2B7AD97-0AF9-4258-8E7C-10821C65CBCF}.Release|Any CPU.Build.0 = Release|Any CPU
		{B41FC748-910B-4DE0-A0B8-AD92A0B701C4}.Debug|Any CPU.ActiveCfg = Debug|Any CPU
		{B41FC748-910B-4DE0-A0B8-AD92A0B701C4}.Debug|Any CPU.Build.0 = Debug|Any CPU
		{B41FC748-910B-4DE0-A0B8-AD92A0B701C4}.Release|Any CPU.ActiveCfg = Release|Any CPU
		{B41FC748-910B-4DE0-A0B8-AD92A0B701C4}.Release|Any CPU.Build.0 = Release|Any CPU
		{859691C1-C753-4F04-8D3E-A9C2E08767B4}.Debug|Any CPU.ActiveCfg = Debug|Any CPU
		{859691C1-C753-4F04-8D3E-A9C2E08767B4}.Debug|Any CPU.Build.0 = Debug|Any CPU
		{859691C1-C753-4F04-8D3E-A9C2E08767B4}.Release|Any CPU.ActiveCfg = Release|Any CPU
		{859691C1-C753-4F04-8D3E-A9C2E08767B4}.Release|Any CPU.Build.0 = Release|Any CPU
		{155B2F2A-EFD6-45DB-B67D-25892C57A774}.Debug|Any CPU.ActiveCfg = Debug|Any CPU
		{155B2F2A-EFD6-45DB-B67D-25892C57A774}.Debug|Any CPU.Build.0 = Debug|Any CPU
		{155B2F2A-EFD6-45DB-B67D-25892C57A774}.Release|Any CPU.ActiveCfg = Release|Any CPU
		{155B2F2A-EFD6-45DB-B67D-25892C57A774}.Release|Any CPU.Build.0 = Release|Any CPU
		{9B51357A-6B3B-43BF-8BD1-73B5F06459BA}.Debug|Any CPU.ActiveCfg = Debug|Any CPU
		{9B51357A-6B3B-43BF-8BD1-73B5F06459BA}.Debug|Any CPU.Build.0 = Debug|Any CPU
		{9B51357A-6B3B-43BF-8BD1-73B5F06459BA}.Release|Any CPU.ActiveCfg = Release|Any CPU
		{9B51357A-6B3B-43BF-8BD1-73B5F06459BA}.Release|Any CPU.Build.0 = Release|Any CPU
	EndGlobalSection
EndGlobal
